
Microsoft Visual Studio Solution File, Format Version 12.00
# Visual Studio 14
VisualStudioVersion = 14.0.25420.1
MinimumVisualStudioVersion = 10.0.40219.1
Project("{FAE04EC0-301F-11D3-BF4B-00C04F79EFBC}") = "WindowsFormsApplication2", "WindowsFormsApplication2\WindowsFormsApplication2.csproj", "{506C12F3-AA3E-46AA-BB0D-9A1C8C706053}"
EndProject
Global
	GlobalSection(SolutionConfigurationPlatforms) = preSolution
		Debug|Any CPU = Debug|Any CPU
		Release|Any CPU = Release|Any CPU
	EndGlobalSection
	GlobalSection(ProjectConfigurationPlatforms) = postSolution
		{506C12F3-AA3E-46AA-BB0D-9A1C8C706053}.Debug|Any CPU.ActiveCfg = Debug|Any CPU
		{506C12F3-AA3E-46AA-BB0D-9A1C8C706053}.Debug|Any CPU.Build.0 = Debug|Any CPU
		{506C12F3-AA3E-46AA-BB0D-9A1C8C706053}.Release|Any CPU.ActiveCfg = Release|Any CPU
		{506C12F3-AA3E-46AA-BB0D-9A1C8C706053}.Release|Any CPU.Build.0 = Release|Any CPU
	EndGlobalSection
	GlobalSection(SolutionProperties) = preSolution
		HideSolutionNode = FALSE
	EndGlobalSection
EndGlobal
